lockfileVersion: '9.0'

settings:
  autoInstallPeers: true
  excludeLinksFromLockfile: false

importers:

  .:
    devDependencies:
      baseline-browser-mapping:
        specifier: ^2.9.7
        version: 2.9.7

packages:

  baseline-browser-mapping@2.9.7:
    resolution: {integrity: sha512-k9xFKplee6KIio3IDbwj+uaCLpqzOwakOgmqzPezM0sFJlFKcg30vk2wOiAJtkTSfx0SSQDSe8q+mWA/fSH5Zg==}
    hasBin: true

snapshots:

  baseline-browser-mapping@2.9.7: {}
